
Microsoft Visual Studio Solution File, Format Version 12.00
# Visual Studio Version 16
VisualStudioVersion = 16.0.30413.136
MinimumVisualStudioVersion = 10.0.40219.1
Project("{FAE04EC0-301F-11D3-BF4B-00C04F79EFBC}") = "Found-of-phone-nomber", "Found-of-phone-nomber.csproj", "{491C84B8-288C-4C66-9759-3E83870F8D7F}"
EndProject
Global
	GlobalSection(SolutionConfigurationPlatforms) = preSolution
		Debug|Any CPU = Debug|Any CPU
		Release|Any CPU = Release|Any CPU
	EndGlobalSection
	GlobalSection(ProjectConfigurationPlatforms) = postSolution
		{491C84B8-288C-4C66-9759-3E83870F8D7F}.Debug|Any CPU.ActiveCfg = Debug|Any CPU
		{491C84B8-288C-4C66-9759-3E83870F8D7F}.Debug|Any CPU.Build.0 = Debug|Any CPU
		{491C84B8-288C-4C66-9759-3E83870F8D7F}.Release|Any CPU.ActiveCfg = Release|Any CPU
		{491C84B8-288C-4C66-9759-3E83870F8D7F}.Release|Any CPU.Build.0 = Release|Any CPU
	EndGlobalSection
	GlobalSection(SolutionProperties) = preSolution
		HideSolutionNode = FALSE
	EndGlobalSection
	GlobalSection(ExtensibilityGlobals) = postSolution
		SolutionGuid = {5FCBA14E-A666-4AAB-8615-BDD3C9885B59}
	EndGlobalSection
EndGlobal
